// !$*UTF8*$!
{
	archiveVersion = 1;
	classes = {
	};
	objectVersion = 46;
	objects = {

/* Begin PBXBuildFile section */
		84E671EE1AD5371900980C5A /* main.m in Sources */ = {isa = PBXBuildFile; fileRef = 84E671ED1AD5371900980C5A /* main.m */; };
		84E671F11AD5371900980C5A /* AppDelegate.m in Sources */ = {isa = PBXBuildFile; fileRef = 84E671F01AD5371900980C5A /* AppDelegate.m */; };
		84E671F41AD5371A00980C5A /* ViewController.m in Sources */ = {isa = PBXBuildFile; fileRef = 84E671F31AD5371A00980C5A /* ViewController.m */; };
		84E671F71AD5371A00980C5A /* Main.storyboard in Resources */ = {isa = PBXBuildFile; fileRef = 84E671F51AD5371A00980C5A /* Main.storyboard */; };
		84E671F91AD5371A00980C5A /* Images.xcassets in Resources */ = {isa = PBXBuildFile; fileRef = 84E671F81AD5371A00980C5A /* Images.xcassets */; };
		84E671FC1AD5371A00980C5A /* LaunchScreen.xib in Resources */ = {isa = PBXBuildFile; fileRef = 84E671FA1AD5371A00980C5A /* LaunchScreen.xib */; };
		84E672081AD5371A00980C5A /* WorkingWithClassTests.m in Sources */ = {isa = PBXBuildFile; fileRef = 84E672071AD5371A00980C5A /* WorkingWithClassTests.m */; };
/* End PBXBuildFile section */

/* Begin PBXContainerItemProxy section */
		84E672021AD5371A00980C5A /* PBXContainerItemProxy */ = {
			isa = PBXContainerItemProxy;
			containerPortal = 84E671E01AD5371900980C5A /* Project object */;
			proxyType = 1;
			remoteGlobalIDString = 84E671E71AD5371900980C5A;
			remoteInfo = WorkingWithClass;
		};
/* End PBXContainerItemProxy section */

/* Begin PBXFileReference section */
		84E671E81AD5371900980C5A /* WorkingWithClass.app */ = {isa = PBXFileReference; explicitFileType = wrapper.application; includeInIndex = 0; path = WorkingWithClass.app; sourceTree = BUILT_PRODUCTS_DIR; };
		84E671EC1AD5371900980C5A /* Info.plist */ = {isa = PBXFileReference; lastKnownFileType = text.plist.xml; path = Info.plist; sourceTree = "<group>"; };
		84E671ED1AD5371900980C5A /* main.m */ = {isa = PBXFileReference; lastKnownFileType = sourcecode.c.objc; path = main.m; sourceTree = "<group>"; };
		84E671EF1AD5371900980C5A /* AppDelegate.h */ = {isa = PBXFileReference; lastKnownFileType = sourcecode.c.h; path = AppDelegate.h; sourceTree = "<group>"; };
		84E671F01AD5371900980C5A /* AppDelegate.m */ = {isa = PBXFileReference; lastKnownFileType = sourcecode.c.objc; path = AppDelegate.m; sourceTree = "<group>"; };
		84E671F21AD5371A00980C5A /* ViewController.h */ = {isa = PBXFileReference; lastKnownFileType = sourcecode.c.h; path = ViewController.h; sourceTree = "<group>"; };
		84E671F31AD5371A00980C5A /* ViewController.m */ = {isa = PBXFileReference; lastKnownFileType = sourcecode.c.objc; path = ViewController.m; sourceTree = "<group>"; };
		84E671F61AD5371A00980C5A /* Base */ = {isa = PBXFileReference; lastKnownFileType = file.storyboard; name = Base; path = Base.lproj/Main.storyboard; sourceTree = "<group>"; };
		84E671F81AD5371A00980C5A /* Images.xcassets */ = {isa = PBXFileReference; lastKnownFileType = folder.assetcatalog; path = Images.xcassets; sourceTree = "<group>"; };
		84E671FB1AD5371A00980C5A /* Base */ = {isa = PBXFileReference; lastKnownFileType = file.xib; name = Base; path = Base.lproj/LaunchScreen.xib; sourceTree = "<group>"; };
		84E672011AD5371A00980C5A /* WorkingWithClassTests.xctest */ = {isa = PBXFileReference; explicitFileType = wrapper.cfbundle; includeInIndex = 0; path = WorkingWithClassTests.xctest; sourceTree = BUILT_PRODUCTS_DIR; };
		84E672061AD5371A00980C5A /* Info.plist */ = {isa = PBXFileReference; lastKnownFileType = text.plist.xml; path = Info.plist; sourceTree = "<group>"; };
		84E672071AD5371A00980C5A /* WorkingWithClassTests.m */ = {isa = PBXFileReference; lastKnownFileType = sourcecode.c.objc; path = WorkingWithClassTests.m; sourceTree = "<group>"; };
/* End PBXFileReference section */

/* Begin PBXFrameworksBuildPhase section */
		84E671E51AD5371900980C5A /* Frameworks */ = {
			isa = PBXFrameworksBuildPhase;
			buildActionMask = 2147483647;
			files = (
			);
			runOnlyForDeploymentPostprocessing = 0;
		};
		84E671FE1AD5371A00980C5A /* Frameworks */ = {
			isa = PBXFrameworksBuildPhase;
			buildActionMask = 2147483647;
			files = (
			);
			runOnlyForDeploymentPostprocessing = 0;
		};
/* End PBXFrameworksBuildPhase section */

/* Begin PBXGroup section */
		84E671DF1AD5371900980C5A = {
			isa = PBXGroup;
			children = (
				84E671EA1AD5371900980C5A /* WorkingWithClass */,
				84E672041AD5371A00980C5A /* WorkingWithClassTests */,
				84E671E91AD5371900980C5A /* Products */,
			);
			sourceTree = "<group>";
		};
		84E671E91AD5371900980C5A /* Products */ = {
			isa = PBXGroup;
			children = (
				84E671E81AD5371900980C5A /* WorkingWithClass.app */,
				84E672011AD5371A00980C5A /* WorkingWithClassTests.xctest */,
			);
			name = Products;
			sourceTree = "<group>";
		};
		84E671EA1AD5371900980C5A /* WorkingWithClass */ = {
			isa = PBXGroup;
			children = (
				84E671EF1AD5371900980C5A /* AppDelegate.h */,
				84E671F01AD5371900980C5A /* AppDelegate.m */,
				84E671F21AD5371A00980C5A /* ViewController.h */,
				84E671F31AD5371A00980C5A /* ViewController.m */,
				84E671F51AD5371A00980C5A /* Main.storyboard */,
				84E671F81AD5371A00980C5A /* Images.xcassets */,
				84E671FA1AD5371A00980C5A /* LaunchScreen.xib */,
				84E671EB1AD5371900980C5A /* Supporting Files */,
			);
			path = WorkingWithClass;
			sourceTree = "<group>";
		};
		84E671EB1AD5371900980C5A /* Supporting Files */ = {
			isa = PBXGroup;
			children = (
				84E671EC1AD5371900980C5A /* Info.plist */,
				84E671ED1AD5371900980C5A /* main.m */,
			);
			name = "Supporting Files";
			sourceTree = "<group>";
		};
		84E672041AD5371A00980C5A /* WorkingWithClassTests */ = {
			isa = PBXGroup;
			children = (
				84E672071AD5371A00980C5A /* WorkingWithClassTests.m */,
				84E672051AD5371A00980C5A /* Supporting Files */,
			);
			path = WorkingWithClassTests;
			sourceTree = "<group>";
		};
		84E672051AD5371A00980C5A /* Supporting Files */ = {
			isa = PBXGroup;
			children = (
				84E672061AD5371A00980C5A /* Info.plist */,
			);
			name = "Supporting Files";
			sourceTree = "<group>";
		};
/* End PBXGroup section */

/* Begin PBXNativeTarget section */
		84E671E71AD5371900980C5A /* WorkingWithClass */ = {
			isa = PBXNativeTarget;
			buildConfigurationList = 84E6720B1AD5371A00980C5A /* Build configuration list for PBXNativeTarget "WorkingWithClass" */;
			buildPhases = (
				84E671E41AD5371900980C5A /* Sources */,
				84E671E51AD5371900980C5A /* Frameworks */,
				84E671E61AD5371900980C5A /* Resources */,
			);
			buildRules = (
			);
			dependencies = (
			);
			name = WorkingWithClass;
			productName = WorkingWithClass;
			productReference = 84E671E81AD5371900980C5A /* WorkingWithClass.app */;
			productType = "com.apple.product-type.application";
		};
		84E672001AD5371A00980C5A /* WorkingWithClassTests */ = {
			isa = PBXNativeTarget;
			buildConfigurationList = 84E6720E1AD5371A00980C5A /* Build configuration list for PBXNativeTarget "WorkingWithClassTests" */;
			buildPhases = (
				84E671FD1AD5371A00980C5A /* Sources */,
				84E671FE1AD5371A00980C5A /* Frameworks */,
				84E671FF1AD5371A00980C5A /* Resources */,
			);
			buildRules = (
			);
			dependencies = (
				84E672031AD5371A00980C5A /* PBXTargetDependency */,
			);
			name = WorkingWithClassTests;
			productName = WorkingWithClassTests;
			productReference = 84E672011AD5371A00980C5A /* WorkingWithClassTests.xctest */;
			productType = "com.apple.product-type.bundle.unit-test";
		};
/* End PBXNativeTarget section */

/* Begin PBXProject section */
		84E671E01AD5371900980C5A /* Project object */ = {
			isa = PBXProject;
			attributes = {
				LastUpgradeCheck = 0620;
				ORGANIZATIONNAME = "Teo Bowei";
				TargetAttributes = {
					84E671E71AD5371900980C5A = {
						CreatedOnToolsVersion = 6.2;
					};
					84E672001AD5371A00980C5A = {
						CreatedOnToolsVersion = 6.2;
						TestTargetID = 84E671E71AD5371900980C5A;
					};
				};
			};
			buildConfigurationList = 84E671E31AD5371900980C5A /* Build configuration list for PBXProject "WorkingWithClass" */;
			compatibilityVersion = "Xcode 3.2";
			developmentRegion = English;
			hasScannedForEncodings = 0;
			knownRegions = (
				en,
				Base,
			);
			mainGroup = 84E671DF1AD5371900980C5A;
			productRefGroup = 84E671E91AD5371900980C5A /* Products */;
			projectDirPath = "";
			projectRoot = "";
			targets = (
				84E671E71AD5371900980C5A /* WorkingWithClass */,
				84E672001AD5371A00980C5A /* WorkingWithClassTests */,
			);
		};
/* End PBXProject section */

/* Begin PBXResourcesBuildPhase section */
		84E671E61AD5371900980C5A /* Resources */ = {
			isa = PBXResourcesBuildPhase;
			buildActionMask = 2147483647;
			files = (
				84E671F71AD5371A00980C5A /* Main.storyboard in Resources */,
				84E671FC1AD5371A00980C5A /* LaunchScreen.xib in Resources */,
				84E671F91AD5371A00980C5A /* Images.xcassets in Resources */,
			);
			runOnlyForDeploymentPostprocessing = 0;
		};
		84E671FF1AD5371A00980C5A /* Resources */ = {
			isa = PBXResourcesBuildPhase;
			buildActionMask = 2147483647;
			files = (
			);
			runOnlyForDeploymentPostprocessing = 0;
		};
/* End PBXResourcesBuildPhase section */

/* Begin PBXSourcesBuildPhase section */
		84E671E41AD5371900980C5A /* Sources */ = {
			isa = PBXSourcesBuildPhase;
			buildActionMask = 2147483647;
			files = (
				84E671F41AD5371A00980C5A /* ViewController.m in Sources */,
				84E671F11AD5371900980C5A /* AppDelegate.m in Sources */,
				84E671EE1AD5371900980C5A /* main.m in Sources */,
			);
			runOnlyForDeploymentPostprocessing = 0;
		};
		84E671FD1AD5371A00980C5A /* Sources */ = {
			isa = PBXSourcesBuildPhase;
			buildActionMask = 2147483647;
			files = (
				84E672081AD5371A00980C5A /* WorkingWithClassTests.m in Sources */,
			);
			runOnlyForDeploymentPostprocessing = 0;
		};
/* End PBXSourcesBuildPhase section */

/* Begin PBXTargetDependency section */
		84E672031AD5371A00980C5A /* PBXTargetDependency */ = {
			isa = PBXTargetDependency;
			target = 84E671E71AD5371900980C5A /* WorkingWithClass */;
			targetProxy = 84E672021AD5371A00980C5A /* PBXContainerItemProxy */;
		};
/* End PBXTargetDependency section */

/* Begin PBXVariantGroup section */
		84E671F51AD5371A00980C5A /* Main.storyboard */ = {
			isa = PBXVariantGroup;
			children = (
				84E671F61AD5371A00980C5A /* Base */,
			);
			name = Main.storyboard;
			sourceTree = "<group>";
		};
		84E671FA1AD5371A00980C5A /* LaunchScreen.xib */ = {
			isa = PBXVariantGroup;
			children = (
				84E671FB1AD5371A00980C5A /* Base */,
			);
			name = LaunchScreen.xib;
			sourceTree = "<group>";
		};
/* End PBXVariantGroup section */

/* Begin XCBuildConfiguration section */
		84E672091AD5371A00980C5A /* Debug */ = {
			isa = XCBuildConfiguration;
			buildSettings = {
				ALWAYS_SEARCH_USER_PATHS = NO;
				CLANG_CXX_LANGUAGE_STANDARD = "gnu++0x";
				CLANG_CXX_LIBRARY = "libc++";
				CLANG_ENABLE_MODULES = YES;
				CLANG_ENABLE_OBJC_ARC = YES;
				CLANG_WARN_BOOL_CONVERSION = YES;
				CLANG_WARN_CONSTANT_CONVERSION = YES;
				CLANG_WARN_DIRECT_OBJC_ISA_USAGE = YES_ERROR;
				CLANG_WARN_EMPTY_BODY = YES;
				CLANG_WARN_ENUM_CONVERSION = YES;
				CLANG_WARN_INT_CONVERSION = YES;
				CLANG_WARN_OBJC_ROOT_CLASS = YES_ERROR;
				CLANG_WARN_UNREACHABLE_CODE = YES;
				CLANG_WARN__DUPLICATE_METHOD_MATCH = YES;
				"CODE_SIGN_IDENTITY[sdk=iphoneos*]" = "iPhone Developer";
				COPY_PHASE_STRIP = NO;
				ENABLE_STRICT_OBJC_MSGSEND = YES;
				GCC_C_LANGUAGE_STANDARD = gnu99;
				GCC_DYNAMIC_NO_PIC = NO;
				GCC_OPTIMIZATION_LEVEL = 0;
				GCC_PREPROCESSOR_DEFINITIONS = (
					"DEBUG=1",
					"$(inherited)",
				);
				GCC_SYMBOLS_PRIVATE_EXTERN = NO;
				GCC_WARN_64_TO_32_BIT_CONVERSION = YES;
				GCC_WARN_ABOUT_RETURN_TYPE = YES_ERROR;
				GCC_WARN_UNDECLARED_SELECTOR = YES;
				GCC_WARN_UNINITIALIZED_AUTOS = YES_AGGRESSIVE;
				GCC_WARN_UNUSED_FUNCTION = YES;
				GCC_WARN_UNUSED_VARIABLE = YES;
				IPHONEOS_DEPLOYMENT_TARGET = 8.2;
				MTL_ENABLE_DEBUG_INFO = YES;
				ONLY_ACTIVE_ARCH = YES;
				SDKROOT = iphoneos;
			};
			name = Debug;
		};
		84E6720A1AD5371A00980C5A /* Release */ = {
			isa = XCBuildConfiguration;
			buildSettings = {
				ALWAYS_SEARCH_USER_PATHS = NO;
				CLANG_CXX_LANGUAGE_STANDARD = "gnu++0x";
				CLANG_CXX_LIBRARY = "libc++";
				CLANG_ENABLE_MODULES = YES;
				CLANG_ENABLE_OBJC_ARC = YES;
				CLANG_WARN_BOOL_CONVERSION = YES;
				CLANG_WARN_CONSTANT_CONVERSION = YES;
				CLANG_WARN_DIRECT_OBJC_ISA_USAGE = YES_ERROR;
				CLANG_WARN_EMPTY_BODY = YES;
				CLANG_WARN_ENUM_CONVERSION = YES;
				CLANG_WARN_INT_CONVERSION = YES;
				CLANG_WARN_OBJC_ROOT_CLASS = YES_ERROR;
				CLANG_WARN_UNREACHABLE_CODE = YES;
				CLANG_WARN__DUPLICATE_METHOD_MATCH = YES;
				"CODE_SIGN_IDENTITY[sdk=iphoneos*]" = "iPhone Developer";
				COPY_PHASE_STRIP = NO;
				ENABLE_NS_ASSERTIONS = NO;
				ENABLE_STRICT_OBJC_MSGSEND = YES;
				GCC_C_LANGUAGE_STANDARD = gnu99;
				GCC_WARN_64_TO_32_BIT_CONVERSION = YES;
				GCC_WARN_ABOUT_RETURN_TYPE = YES_ERROR;
				GCC_WARN_UNDECLARED_SELECTOR = YES;
				GCC_WARN_UNINITIALIZED_AUTOS = YES_AGGRESSIVE;
				GCC_WARN_UNUSED_FUNCTION = YES;
				GCC_WARN_UNUSED_VARIABLE = YES;
				IPHONEOS_DEPLOYMENT_TARGET = 8.2;
				MTL_ENABLE_DEBUG_INFO = NO;
				SDKROOT = iphoneos;
				VALIDATE_PRODUCT = YES;
			};
			name = Release;
		};
		84E6720C1AD5371A00980C5A /* Debug */ = {
			isa = XCBuildConfiguration;
			buildSettings = {
				ASSETCATALOG_COMPILER_APPICON_NAME = AppIcon;
				INFOPLIST_FILE = WorkingWithClass/Info.plist;
				LD_RUNPATH_SEARCH_PATHS = "$(inherited) @executable_path/Frameworks";
				PRODUCT_NAME = "$(TARGET_NAME)";
			};
			name = Debug;
		};
		84E6720D1AD5371A00980C5A /* Release */ = {
			isa = XCBuildConfiguration;
			buildSettings = {
				ASSETCATALOG_COMPILER_APPICON_NAME = AppIcon;
				INFOPLIST_FILE = WorkingWithClass/Info.plist;
				LD_RUNPATH_SEARCH_PATHS = "$(inherited) @executable_path/Frameworks";
				PRODUCT_NAME = "$(TARGET_NAME)";
			};
			name = Release;
		};
		84E6720F1AD5371A00980C5A /* Debug */ = {
			isa = XCBuildConfiguration;
			buildSettings = {
				BUNDLE_LOADER = "$(TEST_HOST)";
				FRAMEWORK_SEARCH_PATHS = (
					"$(SDKROOT)/Developer/Library/Frameworks",
					"$(inherited)",
				);
				GCC_PREPROCESSOR_DEFINITIONS = (
					"DEBUG=1",
					"$(inherited)",
				);
				INFOPLIST_FILE = WorkingWithClassTests/Info.plist;
				LD_RUNPATH_SEARCH_PATHS = "$(inherited) @executable_path/Frameworks @loader_path/Frameworks";
				PRODUCT_NAME = "$(TARGET_NAME)";
				TEST_HOST = "$(BUILT_PRODUCTS_DIR)/WorkingWithClass.app/WorkingWithClass";
			};
			name = Debug;
		};
		84E672101AD5371A00980C5A /* Release */ = {
			isa = XCBuildConfiguration;
			buildSettings = {
				BUNDLE_LOADER = "$(TEST_HOST)";
				FRAMEWORK_SEARCH_PATHS = (
					"$(SDKROOT)/Developer/Library/Frameworks",
					"$(inherited)",
				);
				INFOPLIST_FILE = WorkingWithClassTests/Info.plist;
				LD_RUNPATH_SEARCH_PATHS = "$(inherited) @executable_path/Frameworks @loader_path/Frameworks";
				PRODUCT_NAME = "$(TARGET_NAME)";
				TEST_HOST = "$(BUILT_PRODUCTS_DIR)/WorkingWithClass.app/WorkingWithClass";
			};
			name = Release;
		};
/* End XCBuildConfiguration section */

/* Begin XCConfigurationList section */
		84E671E31AD5371900980C5A /* Build configuration list for PBXProject "WorkingWithClass" */ = {
			isa = XCConfigurationList;
			buildConfigurations = (
				84E672091AD5371A00980C5A /* Debug */,
				84E6720A1AD5371A00980C5A /* Release */,
			);
			defaultConfigurationIsVisible = 0;
			defaultConfigurationName = Release;
		};
		84E6720B1AD5371A00980C5A /* Build configuration list for PBXNativeTarget "WorkingWithClass" */ = {
			isa = XCConfigurationList;
			buildConfigurations = (
				84E6720C1AD5371A00980C5A /* Debug */,
				84E6720D1AD5371A00980C5A /* Release */,
			);
			defaultConfigurationIsVisible = 0;
		};
		84E6720E1AD5371A00980C5A /* Build configuration list for PBXNativeTarget "WorkingWithClassTests" */ = {
			isa = XCConfigurationList;
			buildConfigurations = (
				84E6720F1AD5371A00980C5A /* Debug */,
				84E672101AD5371A00980C5A /* Release */,
			);
			defaultConfigurationIsVisible = 0;
		};
/* End XCConfigurationList section */
	};
	rootObject = 84E671E01AD5371900980C5A /* Project object */;
}
